
Microsoft Visual Studio Solution File, Format Version 12.00
# Visual Studio Version 16
VisualStudioVersion = 16.0.30611.23
MinimumVisualStudioVersion = 10.0.40219.1
Project("{FAE04EC0-301F-11D3-BF4B-00C04F79EFBC}") = "Lab_10", "Lab_10\Lab_10.csproj", "{7851AF1A-15C5-4FAD-9971-2C22582D2AAC}"
EndProject
Global
	GlobalSection(SolutionConfigurationPlatforms) = preSolution
		Debug|Any CPU = Debug|Any CPU
		Release|Any CPU = Release|Any CPU
	EndGlobalSection
	GlobalSection(ProjectConfigurationPlatforms) = postSolution
		{7851AF1A-15C5-4FAD-9971-2C22582D2AAC}.Debug|Any CPU.ActiveCfg = Debug|Any CPU
		{7851AF1A-15C5-4FAD-9971-2C22582D2AAC}.Debug|Any CPU.Build.0 = Debug|Any CPU
		{7851AF1A-15C5-4FAD-9971-2C22582D2AAC}.Release|Any CPU.ActiveCfg = Release|Any CPU
		{7851AF1A-15C5-4FAD-9971-2C22582D2AAC}.Release|Any CPU.Build.0 = Release|Any CPU
	EndGlobalSection
	GlobalSection(SolutionProperties) = preSolution
		HideSolutionNode = FALSE
	EndGlobalSection
	GlobalSection(ExtensibilityGlobals) = postSolution
		SolutionGuid = {F56217E1-5B45-4E6E-BB12-53432709F4F9}
	EndGlobalSection
EndGlobal
